
Microsoft Visual Studio Solution File, Format Version 12.00
# Visual Studio 15
VisualStudioVersion = 15.0.27428.2015
MinimumVisualStudioVersion = 10.0.40219.1
Project("{FAE04EC0-301F-11D3-BF4B-00C04F79EFBC}") = "VMPlayer", "VMPlayer\VMPlayer.csproj", "{880D137B-0340-4822-BE0A-010EFF0D0F8E}"
EndProject
Project("{FAE04EC0-301F-11D3-BF4B-00C04F79EFBC}") = "Logic", "Logic\Logic.csproj", "{B7A564AB-4CBA-4E96-B7FD-636CA743654B}"
EndProject
Project("{FAE04EC0-301F-11D3-BF4B-00C04F79EFBC}") = "Tests_Logic", "Tests_Logic\Tests_Logic.csproj", "{0D45EF5F-52FD-44A4-8D24-E340BB68C79F}"
EndProject
Project("{FAE04EC0-301F-11D3-BF4B-00C04F79EFBC}") = "Player_UnitTests", "Player_UnitTests\Player_UnitTests.csproj", "{4FAE6EA8-1319-45A4-A821-FE8A14201593}"
EndProject
Global
	GlobalSection(SolutionConfigurationPlatforms) = preSolution
		Debug|Any CPU = Debug|Any CPU
		Release|Any CPU = Release|Any CPU
	EndGlobalSection
	GlobalSection(ProjectConfigurationPlatforms) = postSolution
		{880D137B-0340-4822-BE0A-010EFF0D0F8E}.Debug|Any CPU.ActiveCfg = Debug|Any CPU
		{880D137B-0340-4822-BE0A-010EFF0D0F8E}.Debug|Any CPU.Build.0 = Debug|Any CPU
		{880D137B-0340-4822-BE0A-010EFF0D0F8E}.Release|Any CPU.ActiveCfg = Release|Any CPU
		{880D137B-0340-4822-BE0A-010EFF0D0F8E}.Release|Any CPU.Build.0 = Release|Any CPU
		{B7A564AB-4CBA-4E96-B7FD-636CA743654B}.Debug|Any CPU.ActiveCfg = Debug|Any CPU
		{B7A564AB-4CBA-4E96-B7FD-636CA743654B}.Debug|Any CPU.Build.0 = Debug|Any CPU
		{B7A564AB-4CBA-4E96-B7FD-636CA743654B}.Release|Any CPU.ActiveCfg = Release|Any CPU
		{B7A564AB-4CBA-4E96-B7FD-636CA743654B}.Release|Any CPU.Build.0 = Release|Any CPU
		{0D45EF5F-52FD-44A4-8D24-E340BB68C79F}.Debug|Any CPU.ActiveCfg = Debug|Any CPU
		{0D45EF5F-52FD-44A4-8D24-E340BB68C79F}.Debug|Any CPU.Build.0 = Debug|Any CPU
		{0D45EF5F-52FD-44A4-8D24-E340BB68C79F}.Release|Any CPU.ActiveCfg = Release|Any CPU
		{0D45EF5F-52FD-44A4-8D24-E340BB68C79F}.Release|Any CPU.Build.0 = Release|Any CPU
		{4FAE6EA8-1319-45A4-A821-FE8A14201593}.Debug|Any CPU.ActiveCfg = Debug|Any CPU
		{4FAE6EA8-1319-45A4-A821-FE8A14201593}.Debug|Any CPU.Build.0 = Debug|Any CPU
		{4FAE6EA8-1319-45A4-A821-FE8A14201593}.Release|Any CPU.ActiveCfg = Release|Any CPU
		{4FAE6EA8-1319-45A4-A821-FE8A14201593}.Release|Any CPU.Build.0 = Release|Any CPU
	EndGlobalSection
	GlobalSection(SolutionProperties) = preSolution
		HideSolutionNode = FALSE
	EndGlobalSection
	GlobalSection(ExtensibilityGlobals) = postSolution
		SolutionGuid = {B8145F6E-9372-4C74-87C3-608CA682E610}
	EndGlobalSection
EndGlobal
